{
    "_readme": [
        "This file locks the dependencies of your project to a known state",
        "Read more about it at http://getcomposer.org/doc/01-basic-usage.md#composer-lock-the-lock-file",
        "This file is @generated automatically"
    ],
    "hash": "9d3c8a93cb94134912a33ef98b5d8654",
    "packages": [
        {
            "name": "monolog/monolog",
            "version": "dev-master",
            "source": {
                "type": "git",
                "url": "https://github.com/Seldaek/monolog.git",
                "reference": "03fc68ca1419c7e16050e96c15c7f7e1f2fc26ff"
            },
            "dist": {
                "type": "zip",
                "url": "https://api.github.com/repos/Seldaek/monolog/zipball/03fc68ca1419c7e16050e96c15c7f7e1f2fc26ff",
                "reference": "03fc68ca1419c7e16050e96c15c7f7e1f2fc26ff",
                "shasum": ""
            },
            "require": {
                "php": ">=5.3.0",
                "psr/log": "~1.0"
            },
            "provide": {
                "psr/log-implementation": "1.0.0"
            },
            "require-dev": {
                "aws/aws-sdk-php": "~2.4, >2.4.8",
                "doctrine/couchdb": "~1.0@dev",
                "graylog2/gelf-php": "~1.0",
                "phpunit/phpunit": "~4.0",
                "raven/raven": "~0.5",
                "ruflin/elastica": "0.90.*",
                "swiftmailer/swiftmailer": "~5.3",
                "videlalvaro/php-amqplib": "~2.4"
            },
            "suggest": {
                "aws/aws-sdk-php": "Allow sending log messages to AWS services like DynamoDB",
                "doctrine/couchdb": "Allow sending log messages to a CouchDB server",
                "ext-amqp": "Allow sending log messages to an AMQP server (1.0+ required)",
                "ext-mongo": "Allow sending log messages to a MongoDB server",
                "graylog2/gelf-php": "Allow sending log messages to a GrayLog2 server",
                "raven/raven": "Allow sending log messages to a Sentry server",
                "rollbar/rollbar": "Allow sending log messages to Rollbar",
                "ruflin/elastica": "Allow sending log messages to an Elastic Search server",
                "videlalvaro/php-amqplib": "Allow sending log messages to an AMQP server using php-amqplib"
            },
            "type": "library",
            "extra": {
                "branch-alias": {
                    "dev-master": "1.13.x-dev"
                }
            },
            "autoload": {
                "psr-4": {
                    "Monolog\\": "src/Monolog"
                }
            },
            "notification-url": "https://packagist.org/downloads/",
            "license": [
                "MIT"
            ],
            "authors": [
                {
                    "name": "Jordi Boggiano",
                    "email": "j.boggiano@seld.be",
                    "homepage": "http://seld.be"
                }
            ],
            "description": "Sends your logs to files, sockets, inboxes, databases and various web services",
            "homepage": "http://github.com/Seldaek/monolog",
            "keywords": [
                "log",
                "logging",
                "psr-3"
            ],
            "time": "2015-04-15 18:23:25"
        },
        {
            "name": "natxet/CssMin",
            "version": "dev-master",
            "source": {
                "type": "git",
                "url": "https://github.com/natxet/CssMin.git",
                "reference": "2feb2aa71c5b299369c63ecc256185aaa5c05bcf"
            },
            "dist": {
                "type": "zip",
                "url": "https://api.github.com/repos/natxet/CssMin/zipball/2feb2aa71c5b299369c63ecc256185aaa5c05bcf",
                "reference": "2feb2aa71c5b299369c63ecc256185aaa5c05bcf",
                "shasum": ""
            },
            "require": {
                "php": ">=5.0"
            },
            "type": "library",
            "extra": {
                "branch-alias": {
                    "dev-master": "3.0-dev"
                }
            },
            "autoload": {
                "classmap": [
                    "src/"
                ]
            },
            "notification-url": "https://packagist.org/downloads/",
            "license": [
                "MIT"
            ],
            "authors": [
                {
                    "name": "Joe Scylla",
                    "email": "joe.scylla@gmail.com",
                    "homepage": "https://profiles.google.com/joe.scylla"
                }
            ],
            "description": "Minifying CSS",
            "homepage": "http://code.google.com/p/cssmin/",
            "keywords": [
                "css",
                "minify"
            ],
            "time": "2015-01-21 10:40:33"
        },
        {
            "name": "ntentan/atiaa",
            "version": "v0.1.0",
            "source": {
                "type": "git",
                "url": "https://github.com/ntentan/atiaa.git",
                "reference": "011534e21a14ee78558cd14a7d688b2b369a3103"
            },
            "dist": {
                "type": "zip",
                "url": "https://api.github.com/repos/ntentan/atiaa/zipball/011534e21a14ee78558cd14a7d688b2b369a3103",
                "reference": "011534e21a14ee78558cd14a7d688b2b369a3103",
                "shasum": ""
            },
            "require": {
                "php": ">=5.4.0"
            },
            "require-dev": {
                "phpunit/dbunit": "1.*",
                "phpunit/phpunit": "4.*"
            },
            "type": "library",
            "autoload": {
                "psr-4": {
                    "ntentan\\atiaa\\": "src/",
                    "ntentan\\atiaa\\tests\\": "tests/"
                }
            },
            "notification-url": "https://packagist.org/downloads/",
            "license": [
                "MIT"
            ],
            "authors": [
                {
                    "name": "James Ekow Abaka Ainooson",
                    "email": "jainooson@gmail.com"
                }
            ],
            "description": "A slim wrapper around PDO to provide some extra utilities",
            "time": "2015-02-15 12:00:27"
        },
        {
            "name": "ntentan/logger",
            "version": "v0.1.1",
            "source": {
                "type": "git",
                "url": "https://github.com/ntentan/logger.git",
                "reference": "798b691daff9acd5738d658e616c49bcf8b4d9b4"
            },
            "dist": {
                "type": "zip",
                "url": "https://api.github.com/repos/ntentan/logger/zipball/798b691daff9acd5738d658e616c49bcf8b4d9b4",
                "reference": "798b691daff9acd5738d658e616c49bcf8b4d9b4",
                "shasum": ""
            },
            "require": {
                "monolog/monolog": "1.*"
            },
            "require-dev": {
                "mikey179/vfsstream": "v1.3.0",
                "phpunit/phpunit": "4.*"
            },
            "type": "library",
            "autoload": {
                "psr-4": {
                    "ntentan\\logger\\": "src/"
                }
            },
            "notification-url": "https://packagist.org/downloads/",
            "license": [
                "MIT"
            ],
            "authors": [
                {
                    "name": "Ekow Abaka Ainooson",
                    "email": "jainooson@gmail.com"
                }
            ],
            "description": "A static PSR-3 logger wrapped around the super cool monolog.",
            "time": "2014-12-21 00:24:25"
        },
        {
            "name": "ntentan/utils",
            "version": "dev-master",
            "source": {
                "type": "git",
                "url": "https://github.com/ntentan/utils.git",
                "reference": "cada79a6d0adff5fae591e93a005fe233e77a8c1"
            },
            "dist": {
                "type": "zip",
                "url": "https://api.github.com/repos/ntentan/utils/zipball/cada79a6d0adff5fae591e93a005fe233e77a8c1",
                "reference": "cada79a6d0adff5fae591e93a005fe233e77a8c1",
                "shasum": ""
            },
            "require-dev": {
                "phpunit/phpunit": "4.*"
            },
            "type": "library",
            "autoload": {
                "psr-4": {
                    "ntentan\\utils\\": "src/"
                }
            },
            "notification-url": "https://packagist.org/downloads/",
            "license": [
                "MIT"
            ],
            "authors": [
                {
                    "name": "Ekow Abaka Ainooson",
                    "email": "jainooson@gmail.com"
                }
            ],
            "description": "Common utility functions shared accross the ntentan framework.",
            "time": "2015-04-19 09:04:32"
        },
        {
            "name": "ntentan/views",
            "version": "dev-master",
            "source": {
                "type": "git",
                "url": "https://github.com/ntentan/views.git",
                "reference": "cb3b796445e5f4a5f714ad9f89cf59d5f5e713f4"
            },
            "dist": {
                "type": "zip",
                "url": "https://api.github.com/repos/ntentan/views/zipball/cb3b796445e5f4a5f714ad9f89cf59d5f5e713f4",
                "reference": "cb3b796445e5f4a5f714ad9f89cf59d5f5e713f4",
                "shasum": ""
            },
            "require": {
                "natxet/cssmin": "3.*",
                "ntentan/utils": "dev-master",
                "tedivm/jshrink": "1.*"
            },
            "require-dev": {
                "mikey179/vfsstream": "1.*",
                "phpunit/phpunit": "4.*"
            },
            "type": "library",
            "autoload": {
                "psr-4": {
                    "ntentan\\views\\": "src/",
                    "ntentan\\views\\tests\\": "tests/"
                }
            },
            "notification-url": "https://packagist.org/downloads/",
            "license": [
                "MIT"
            ],
            "authors": [
                {
                    "name": "Ekow Abaka Ainooson",
                    "email": "jainooson@gmail.com"
                }
            ],
            "description": "The views component of the ntentan framework.",
            "time": "2015-04-19 20:39:11"
        },
        {
            "name": "psr/log",
            "version": "dev-master",
            "source": {
                "type": "git",
                "url": "https://github.com/php-fig/log.git",
                "reference": "bf2c13de4300e227d7b2fd08027673a79c519987"
            },
            "dist": {
                "type": "zip",
                "url": "https://api.github.com/repos/php-fig/log/zipball/bf2c13de4300e227d7b2fd08027673a79c519987",
                "reference": "bf2c13de4300e227d7b2fd08027673a79c519987",
                "shasum": ""
            },
            "type": "library",
            "extra": {
                "branch-alias": {
                    "dev-master": "1.0.x-dev"
                }
            },
            "autoload": {
                "psr-4": {
                    "Psr\\Log\\": "Psr/Log/"
                }
            },
            "notification-url": "https://packagist.org/downloads/",
            "license": [
                "MIT"
            ],
            "authors": [
                {
                    "name": "PHP-FIG",
                    "homepage": "http://www.php-fig.org/"
                }
            ],
            "description": "Common interface for logging libraries",
            "keywords": [
                "log",
                "psr",
                "psr-3"
            ],
            "time": "2015-03-26 14:39:45"
        },
        {
            "name": "tedivm/jshrink",
            "version": "v1.0.1",
            "source": {
                "type": "git",
                "url": "https://github.com/tedious/JShrink.git",
                "reference": "7575d9d96f113bc7c1c28ec8231ee086751a9078"
            },
            "dist": {
                "type": "zip",
                "url": "https://api.github.com/repos/tedious/JShrink/zipball/7575d9d96f113bc7c1c28ec8231ee086751a9078",
                "reference": "7575d9d96f113bc7c1c28ec8231ee086751a9078",
                "shasum": ""
            },
            "require": {
                "php": ">=5.3.0"
            },
            "require-dev": {
                "fabpot/php-cs-fixer": "0.4.0",
                "phpunit/phpunit": "4.0.*",
                "satooshi/php-coveralls": "dev-master"
            },
            "type": "library",
            "autoload": {
                "psr-0": {
                    "JShrink": "src/"
                }
            },
            "notification-url": "https://packagist.org/downloads/",
            "license": [
                "BSD-3-Clause"
            ],
            "authors": [
                {
                    "name": "Robert Hafner",
                    "email": "tedivm@tedivm.com"
                }
            ],
            "description": "Javascript Minifier built in PHP",
            "homepage": "http://github.com/tedious/JShrink",
            "keywords": [
                "javascript",
                "minifier"
            ],
            "time": "2014-11-11 03:54:14"
        }
    ],
    "packages-dev": [],
    "aliases": [],
    "minimum-stability": "dev",
    "stability-flags": {
        "ntentan/views": 20
    },
    "prefer-stable": false,
    "prefer-lowest": false,
    "platform": {
        "php": ">=5.3.0"
    },
    "platform-dev": []
}
